
Microsoft Visual Studio Solution File, Format Version 12.00
# Visual Studio Version 17
VisualStudioVersion = 17.5.33424.131
MinimumVisualStudioVersion = 10.0.40219.1
Project("{FAE04EC0-301F-11D3-BF4B-00C04F79EFBC}") = "IntelligensLetformakOOP", "IntelligensLetformakOOP\IntelligensLetformakOOP.csproj", "{CF62B421-DAE0-43F7-BD02-671F02F4C2D1}"
EndProject
Global
	GlobalSection(SolutionConfigurationPlatforms) = preSolution
		Debug|Any CPU = Debug|Any CPU
		Release|Any CPU = Release|Any CPU
	EndGlobalSection
	GlobalSection(ProjectConfigurationPlatforms) = postSolution
		{CF62B421-DAE0-43F7-BD02-671F02F4C2D1}.Debug|Any CPU.ActiveCfg = Debug|Any CPU
		{CF62B421-DAE0-43F7-BD02-671F02F4C2D1}.Debug|Any CPU.Build.0 = Debug|Any CPU
		{CF62B421-DAE0-43F7-BD02-671F02F4C2D1}.Release|Any CPU.ActiveCfg = Release|Any CPU
		{CF62B421-DAE0-43F7-BD02-671F02F4C2D1}.Release|Any CPU.Build.0 = Release|Any CPU
	EndGlobalSection
	GlobalSection(SolutionProperties) = preSolution
		HideSolutionNode = FALSE
	EndGlobalSection
	GlobalSection(ExtensibilityGlobals) = postSolution
		SolutionGuid = {222D3353-2CD0-453C-9F15-A491ABFF8AC4}
	EndGlobalSection
EndGlobal
